// !$*UTF8*$!
{
	archiveVersion = 1;
	classes = {
	};
	objectVersion = 46;
	objects = {

/* Begin PBXBuildFile section */
		A30B2DA81D1946110048CBDC /* Notifications.swift in Sources */ = {isa = PBXBuildFile; fileRef = A30B2DA71D1946110048CBDC /* Notifications.swift */; };
		A30B2DAA1D19516D0048CBDC /* PlotsVC.swift in Sources */ = {isa = PBXBuildFile; fileRef = A30B2DA91D19516D0048CBDC /* PlotsVC.swift */; };
		A30B2DAD1D19BD800048CBDC /* Main.storyboard in Resources */ = {isa = PBXBuildFile; fileRef = A30B2DAB1D19BD800048CBDC /* Main.storyboard */; };
		A30B2DAF1D19C4890048CBDC /* NewSessionContentVC.swift in Sources */ = {isa = PBXBuildFile; fileRef = A30B2DAE1D19C4890048CBDC /* NewSessionContentVC.swift */; };
		A30B2DB21D19D9C10048CBDC /* RawVC.swift in Sources */ = {isa = PBXBuildFile; fileRef = A30B2DB11D19D9C10048CBDC /* RawVC.swift */; };
		A30B2DB41D19D9CD0048CBDC /* SpectrumVC.swift in Sources */ = {isa = PBXBuildFile; fileRef = A30B2DB31D19D9CD0048CBDC /* SpectrumVC.swift */; };
		A30B2DB61D19D9D90048CBDC /* IndicatorsVC.swift in Sources */ = {isa = PBXBuildFile; fileRef = A30B2DB51D19D9D90048CBDC /* IndicatorsVC.swift */; };
		A3150FA51D4530A50023DD9F /* BatteryBarVC.swift in Sources */ = {isa = PBXBuildFile; fileRef = A3150FA41D4530A50023DD9F /* BatteryBarVC.swift */; };
		A315A8961D5D1F4100396767 /* SessionFileEntity.swift in Sources */ = {isa = PBXBuildFile; fileRef = A315A8951D5D1F4100396767 /* SessionFileEntity.swift */; };
		A315A8981D5F78C100396767 /* StringExtensions.swift in Sources */ = {isa = PBXBuildFile; fileRef = A315A8971D5F78C100396767 /* StringExtensions.swift */; };
		A3166AE81D4AA089004934EE /* Colors.swift in Sources */ = {isa = PBXBuildFile; fileRef = A3166AE71D4AA089004934EE /* Colors.swift */; };
		A31BFC0C1D05E85B0025D878 /* EZConstraint.swift in Sources */ = {isa = PBXBuildFile; fileRef = A31BFC0B1D05E85B0025D878 /* EZConstraint.swift */; };
		A3273B061D00B4FD00F1F4A6 /* BaseContentVC.swift in Sources */ = {isa = PBXBuildFile; fileRef = A3273B051D00B4FD00F1F4A6 /* BaseContentVC.swift */; };
		A3273B081D00BF3300F1F4A6 /* TabBarController.swift in Sources */ = {isa = PBXBuildFile; fileRef = A3273B071D00BF3300F1F4A6 /* TabBarController.swift */; };
		A3273B0B1D01F43900F1F4A6 /* ActivityCell.swift in Sources */ = {isa = PBXBuildFile; fileRef = A3273B0A1D01F43900F1F4A6 /* ActivityCell.swift */; };
		A3273B0F1D02039000F1F4A6 /* MoodVC.swift in Sources */ = {isa = PBXBuildFile; fileRef = A3273B0E1D02039000F1F4A6 /* MoodVC.swift */; };
		A3273B131D02D02400F1F4A6 /* CurrentSessionVC.swift in Sources */ = {isa = PBXBuildFile; fileRef = A3273B121D02D02400F1F4A6 /* CurrentSessionVC.swift */; };
		A3273B151D02D2AE00F1F4A6 /* SessionsVC.swift in Sources */ = {isa = PBXBuildFile; fileRef = A3273B141D02D2AE00F1F4A6 /* SessionsVC.swift */; };
		A328A4581D21DDE500921D75 /* SpectrumVCPerfomanceTest.swift in Sources */ = {isa = PBXBuildFile; fileRef = A328A4571D21DDE500921D75 /* SpectrumVCPerfomanceTest.swift */; };
		A328A45A1D2315F900921D75 /* StopWatch.swift in Sources */ = {isa = PBXBuildFile; fileRef = A328A4591D2315F900921D75 /* StopWatch.swift */; };
		A32A5C2D1D6C6F6A003B304F /* SessionEntity.swift in Sources */ = {isa = PBXBuildFile; fileRef = A32A5C2C1D6C6F6A003B304F /* SessionEntity.swift */; };
		A32A5C2F1D6C7DE5003B304F /* ActivityEntity.swift in Sources */ = {isa = PBXBuildFile; fileRef = A32A5C2E1D6C7DE5003B304F /* ActivityEntity.swift */; };
		A32A5C311D6C86AC003B304F /* Entity.swift in Sources */ = {isa = PBXBuildFile; fileRef = A32A5C301D6C86AC003B304F /* Entity.swift */; };
		A338E3881D919CDA00DB892B /* StopSessionCommand.swift in Sources */ = {isa = PBXBuildFile; fileRef = A338E3871D919CDA00DB892B /* StopSessionCommand.swift */; };
		A338E38A1D919DB700DB892B /* CommandBase.swift in Sources */ = {isa = PBXBuildFile; fileRef = A338E3891D919DB700DB892B /* CommandBase.swift */; };
		A3484E8E1D78F19C001A0535 /* PlotStatCell.swift in Sources */ = {isa = PBXBuildFile; fileRef = A3484E8D1D78F19C001A0535 /* PlotStatCell.swift */; };
		A354431E1D80851E00308DF7 /* StatisticByPeriodVC.swift in Sources */ = {isa = PBXBuildFile; fileRef = A354431D1D80851E00308DF7 /* StatisticByPeriodVC.swift */; };
		A3636BAF1D75EF1300899B9D /* StatisticForCurrentSessionVC.swift in Sources */ = {isa = PBXBuildFile; fileRef = A3636BAE1D75EF1300899B9D /* StatisticForCurrentSessionVC.swift */; };
		A3636BB11D7601A900899B9D /* StatisticForArbitarySessionVC.swift in Sources */ = {isa = PBXBuildFile; fileRef = A3636BB01D7601A900899B9D /* StatisticForArbitarySessionVC.swift */; };
		A36699D21D561D2600A160E9 /* BinaryFileHelper.swift in Sources */ = {isa = PBXBuildFile; fileRef = A36699D11D561D2600A160E9 /* BinaryFileHelper.swift */; };
		A36699D81D5B5D2F00A160E9 /* GetSessionsQueryResponse.swift in Sources */ = {isa = PBXBuildFile; fileRef = A36699D71D5B5D2F00A160E9 /* GetSessionsQueryResponse.swift */; };
		A36814DC1CF7872E00CEC6A2 /* AppDelegate.swift in Sources */ = {isa = PBXBuildFile; fileRef = A36814DB1CF7872E00CEC6A2 /* AppDelegate.swift */; };
		A36814E31CF7872E00CEC6A2 /* Assets.xcassets in Resources */ = {isa = PBXBuildFile; fileRef = A36814E21CF7872E00CEC6A2 /* Assets.xcassets */; };
		A36814E61CF7872E00CEC6A2 /* LaunchScreen.storyboard in Resources */ = {isa = PBXBuildFile; fileRef = A36814E41CF7872E00CEC6A2 /* LaunchScreen.storyboard */; };
		A36814F21CF788F500CEC6A2 /* CBManager.m in Sources */ = {isa = PBXBuildFile; fileRef = A36814F01CF788F500CEC6A2 /* CBManager.m */; };
		A36814F61CF78C0600CEC6A2 /* CoreBluetooth.framework in Frameworks */ = {isa = PBXBuildFile; fileRef = A36814F51CF78C0600CEC6A2 /* CoreBluetooth.framework */; settings = {ATTRIBUTES = (Required, ); }; };
		A36814F81CF78C1300CEC6A2 /* Accelerate.framework in Frameworks */ = {isa = PBXBuildFile; fileRef = A36814F71CF78C1300CEC6A2 /* Accelerate.framework */; };
		A36814FA1CF78DFA00CEC6A2 /* MainVC.swift in Sources */ = {isa = PBXBuildFile; fileRef = A36814F91CF78DFA00CEC6A2 /* MainVC.swift */; };
		A3ACA6FD1D20723B003F040F /* BrainActivitySwiftTests.swift in Sources */ = {isa = PBXBuildFile; fileRef = A3ACA6FC1D20723B003F040F /* BrainActivitySwiftTests.swift */; };
		A3B520301D46763F000E762A /* CreateSessionCommand.swift in Sources */ = {isa = PBXBuildFile; fileRef = A3B5202F1D46763F000E762A /* CreateSessionCommand.swift */; };
		A3B520341D467C33000E762A /* BaseStatisticsVC.swift in Sources */ = {isa = PBXBuildFile; fileRef = A3B520331D467C33000E762A /* BaseStatisticsVC.swift */; };
		A3BE74531D6DFF6B00F5B6E5 /* AnimatedSessionView.swift in Sources */ = {isa = PBXBuildFile; fileRef = A3BE74521D6DFF6B00F5B6E5 /* AnimatedSessionView.swift */; };
		A3BE74A81D6F38AE00F5B6E5 /* AnimationView.swift in Sources */ = {isa = PBXBuildFile; fileRef = A3BE74A71D6F38AE00F5B6E5 /* AnimationView.swift */; };
		A3BE74AC1D743B9800F5B6E5 /* AnimatedSessionView.xib in Resources */ = {isa = PBXBuildFile; fileRef = A3BE74AB1D743B9800F5B6E5 /* AnimatedSessionView.xib */; };
		A3E05A301D04A33100ADC6F5 /* SessionCellContainer.swift in Sources */ = {isa = PBXBuildFile; fileRef = A3E05A2F1D04A33100ADC6F5 /* SessionCellContainer.swift */; };
		A3E05A321D04B8BA00ADC6F5 /* SessionHeaderView.swift in Sources */ = {isa = PBXBuildFile; fileRef = A3E05A311D04B8BA00ADC6F5 /* SessionHeaderView.swift */; };
		A3EB94731D427C5500C1426A /* RequestBase.swift in Sources */ = {isa = PBXBuildFile; fileRef = A3EB94721D427C5500C1426A /* RequestBase.swift */; };
		A3EB94751D427CDB00C1426A /* Context.swift in Sources */ = {isa = PBXBuildFile; fileRef = A3EB94741D427CDB00C1426A /* Context.swift */; };
		A3EB94781D427D5E00C1426A /* GetSessionsQuery.swift in Sources */ = {isa = PBXBuildFile; fileRef = A3EB94771D427D5E00C1426A /* GetSessionsQuery.swift */; };
		A3EF5C9B1CFE3057009E296D /* ProfileVC.swift in Sources */ = {isa = PBXBuildFile; fileRef = A3EF5C9A1CFE3057009E296D /* ProfileVC.swift */; };
		A3EF5C9D1D008435009E296D /* ActivityVC.swift in Sources */ = {isa = PBXBuildFile; fileRef = A3EF5C9C1D008435009E296D /* ActivityVC.swift */; };
		A3EF5CA11D009C98009E296D /* MetricsVC.swift in Sources */ = {isa = PBXBuildFile; fileRef = A3EF5CA01D009C98009E296D /* MetricsVC.swift */; };
		A3F281411D4CEFE800D9AC79 /* StatTableViewCell.swift in Sources */ = {isa = PBXBuildFile; fileRef = A3F281401D4CEFE800D9AC79 /* StatTableViewCell.swift */; };
		A3FCB05B1D538BA500F42463 /* SessionHeadCell.swift in Sources */ = {isa = PBXBuildFile; fileRef = A3FCB05A1D538BA500F42463 /* SessionHeadCell.swift */; };
		AC76D15BECCCBC423DB82727 /* Pods_BrainActivitySwift.framework in Frameworks */ = {isa = PBXBuildFile; fileRef = FD126690F4EB53F6DE3CE479 /* Pods_BrainActivitySwift.framework */; };
/* End PBXBuildFile section */

/* Begin PBXContainerItemProxy section */
		A3ACA6FF1D20723B003F040F /* PBXContainerItemProxy */ = {
			isa = PBXContainerItemProxy;
			containerPortal = A36814D01CF7872E00CEC6A2 /* Project object */;
			proxyType = 1;
			remoteGlobalIDString = A36814D71CF7872E00CEC6A2;
			remoteInfo = BrainActivitySwift;
		};
/* End PBXContainerItemProxy section */

/* Begin PBXFileReference section */
		2A447E51F61C61E68D9E21AE /* Pods-BrainActivitySwift.debug.xcconfig */ = {isa = PBXFileReference; includeInIndex = 1; lastKnownFileType = text.xcconfig; name = "Pods-BrainActivitySwift.debug.xcconfig"; path = "Pods/Target Support Files/Pods-BrainActivitySwift/Pods-BrainActivitySwift.debug.xcconfig"; sourceTree = "<group>"; };
		A30B2DA71D1946110048CBDC /* Notifications.swift */ = {isa = PBXFileReference; fileEncoding = 4; lastKnownFileType = sourcecode.swift; path = Notifications.swift; sourceTree = "<group>"; };
		A30B2DA91D19516D0048CBDC /* PlotsVC.swift */ = {isa = PBXFileReference; fileEncoding = 4; lastKnownFileType = sourcecode.swift; path = PlotsVC.swift; sourceTree = "<group>"; };
		A30B2DAC1D19BD800048CBDC /* Base */ = {isa = PBXFileReference; lastKnownFileType = file.storyboard; name = Base; path = Base.lproj/Main.storyboard; sourceTree = "<group>"; };
		A30B2DAE1D19C4890048CBDC /* NewSessionContentVC.swift */ = {isa = PBXFileReference; fileEncoding = 4; lastKnownFileType = sourcecode.swift; path = NewSessionContentVC.swift; sourceTree = "<group>"; };
		A30B2DB11D19D9C10048CBDC /* RawVC.swift */ = {isa = PBXFileReference; fileEncoding = 4; lastKnownFileType = sourcecode.swift; path = RawVC.swift; sourceTree = "<group>"; };
		A30B2DB31D19D9CD0048CBDC /* SpectrumVC.swift */ = {isa = PBXFileReference; fileEncoding = 4; lastKnownFileType = sourcecode.swift; path = SpectrumVC.swift; sourceTree = "<group>"; };
		A30B2DB51D19D9D90048CBDC /* IndicatorsVC.swift */ = {isa = PBXFileReference; fileEncoding = 4; lastKnownFileType = sourcecode.swift; path = IndicatorsVC.swift; sourceTree = "<group>"; };
		A3150FA41D4530A50023DD9F /* BatteryBarVC.swift */ = {isa = PBXFileReference; fileEncoding = 4; lastKnownFileType = sourcecode.swift; name = BatteryBarVC.swift; path = BrainActivitySwift/BatteryBarVC.swift; sourceTree = "<group>"; };
		A315A8951D5D1F4100396767 /* SessionFileEntity.swift */ = {isa = PBXFileReference; fileEncoding = 4; lastKnownFileType = sourcecode.swift; path = SessionFileEntity.swift; sourceTree = "<group>"; };
		A315A8971D5F78C100396767 /* StringExtensions.swift */ = {isa = PBXFileReference; fileEncoding = 4; lastKnownFileType = sourcecode.swift; path = StringExtensions.swift; sourceTree = "<group>"; };
		A3166AE71D4AA089004934EE /* Colors.swift */ = {isa = PBXFileReference; fileEncoding = 4; lastKnownFileType = sourcecode.swift; path = Colors.swift; sourceTree = "<group>"; };
		A31BFC0B1D05E85B0025D878 /* EZConstraint.swift */ = {isa = PBXFileReference; fileEncoding = 4; lastKnownFileType = sourcecode.swift; path = EZConstraint.swift; sourceTree = "<group>"; };
		A3273B051D00B4FD00F1F4A6 /* BaseContentVC.swift */ = {isa = PBXFileReference; fileEncoding = 4; lastKnownFileType = sourcecode.swift; path = BaseContentVC.swift; sourceTree = "<group>"; };
		A3273B071D00BF3300F1F4A6 /* TabBarController.swift */ = {isa = PBXFileReference; fileEncoding = 4; lastKnownFileType = sourcecode.swift; path = TabBarController.swift; sourceTree = "<group>"; };
		A3273B0A1D01F43900F1F4A6 /* ActivityCell.swift */ = {isa = PBXFileReference; fileEncoding = 4; lastKnownFileType = sourcecode.swift; path = ActivityCell.swift; sourceTree = "<group>"; };
		A3273B0E1D02039000F1F4A6 /* MoodVC.swift */ = {isa = PBXFileReference; fileEncoding = 4; lastKnownFileType = sourcecode.swift; path = MoodVC.swift; sourceTree = "<group>"; };
		A3273B121D02D02400F1F4A6 /* CurrentSessionVC.swift */ = {isa = PBXFileReference; fileEncoding = 4; lastKnownFileType = sourcecode.swift; path = CurrentSessionVC.swift; sourceTree = "<group>"; };
		A3273B141D02D2AE00F1F4A6 /* SessionsVC.swift */ = {isa = PBXFileReference; fileEncoding = 4; lastKnownFileType = sourcecode.swift; path = SessionsVC.swift; sourceTree = "<group>"; };
		A328A4571D21DDE500921D75 /* SpectrumVCPerfomanceTest.swift */ = {isa = PBXFileReference; fileEncoding = 4; lastKnownFileType = sourcecode.swift; path = SpectrumVCPerfomanceTest.swift; sourceTree = "<group>"; };
		A328A4591D2315F900921D75 /* StopWatch.swift */ = {isa = PBXFileReference; fileEncoding = 4; lastKnownFileType = sourcecode.swift; path = StopWatch.swift; sourceTree = "<group>"; };
		A32A5C2C1D6C6F6A003B304F /* SessionEntity.swift */ = {isa = PBXFileReference; fileEncoding = 4; lastKnownFileType = sourcecode.swift; path = SessionEntity.swift; sourceTree = "<group>"; };
		A32A5C2E1D6C7DE5003B304F /* ActivityEntity.swift */ = {isa = PBXFileReference; fileEncoding = 4; lastKnownFileType = sourcecode.swift; path = ActivityEntity.swift; sourceTree = "<group>"; };
		A32A5C301D6C86AC003B304F /* Entity.swift */ = {isa = PBXFileReference; fileEncoding = 4; lastKnownFileType = sourcecode.swift; path = Entity.swift; sourceTree = "<group>"; };
		A338E3871D919CDA00DB892B /* StopSessionCommand.swift */ = {isa = PBXFileReference; fileEncoding = 4; lastKnownFileType = sourcecode.swift; path = StopSessionCommand.swift; sourceTree = "<group>"; };
		A338E3891D919DB700DB892B /* CommandBase.swift */ = {isa = PBXFileReference; fileEncoding = 4; lastKnownFileType = sourcecode.swift; path = CommandBase.swift; sourceTree = "<group>"; };
		A3484E8D1D78F19C001A0535 /* PlotStatCell.swift */ = {isa = PBXFileReference; fileEncoding = 4; lastKnownFileType = sourcecode.swift; path = PlotStatCell.swift; sourceTree = "<group>"; };
		A354431D1D80851E00308DF7 /* StatisticByPeriodVC.swift */ = {isa = PBXFileReference; fileEncoding = 4; lastKnownFileType = sourcecode.swift; path = StatisticByPeriodVC.swift; sourceTree = "<group>"; };
		A3636BAE1D75EF1300899B9D /* StatisticForCurrentSessionVC.swift */ = {isa = PBXFileReference; fileEncoding = 4; lastKnownFileType = sourcecode.swift; path = StatisticForCurrentSessionVC.swift; sourceTree = "<group>"; };
		A3636BB01D7601A900899B9D /* StatisticForArbitarySessionVC.swift */ = {isa = PBXFileReference; fileEncoding = 4; lastKnownFileType = sourcecode.swift; path = StatisticForArbitarySessionVC.swift; sourceTree = "<group>"; };
		A36699D11D561D2600A160E9 /* BinaryFileHelper.swift */ = {isa = PBXFileReference; fileEncoding = 4; lastKnownFileType = sourcecode.swift; path = BinaryFileHelper.swift; sourceTree = "<group>"; };
		A36699D71D5B5D2F00A160E9 /* GetSessionsQueryResponse.swift */ = {isa = PBXFileReference; fileEncoding = 4; lastKnownFileType = sourcecode.swift; path = GetSessionsQueryResponse.swift; sourceTree = "<group>"; };
		A36814D81CF7872E00CEC6A2 /* BrainActivitySwift.app */ = {isa = PBXFileReference; explicitFileType = wrapper.application; includeInIndex = 0; path = BrainActivitySwift.app; sourceTree = BUILT_PRODUCTS_DIR; };
		A36814DB1CF7872E00CEC6A2 /* AppDelegate.swift */ = {isa = PBXFileReference; lastKnownFileType = sourcecode.swift; path = AppDelegate.swift; sourceTree = "<group>"; };
		A36814E21CF7872E00CEC6A2 /* Assets.xcassets */ = {isa = PBXFileReference; lastKnownFileType = folder.assetcatalog; path = Assets.xcassets; sourceTree = "<group>"; };
		A36814E51CF7872E00CEC6A2 /* Base */ = {isa = PBXFileReference; lastKnownFileType = file.storyboard; name = Base; path = Base.lproj/LaunchScreen.storyboard; sourceTree = "<group>"; };
		A36814E71CF7872E00CEC6A2 /* Info.plist */ = {isa = PBXFileReference; lastKnownFileType = text.plist.xml; path = Info.plist; sourceTree = "<group>"; };
		A36814EE1CF788F400CEC6A2 /* BrainActivitySwift-Bridging-Header.h */ = {isa = PBXFileReference; lastKnownFileType = sourcecode.c.h; path = "BrainActivitySwift-Bridging-Header.h"; sourceTree = "<group>"; };
		A36814EF1CF788F500CEC6A2 /* CBManager.h */ = {isa = PBXFileReference; fileEncoding = 4; lastKnownFileType = sourcecode.c.h; path = CBManager.h; sourceTree = "<group>"; };
		A36814F01CF788F500CEC6A2 /* CBManager.m */ = {isa = PBXFileReference; fileEncoding = 4; lastKnownFileType = sourcecode.c.objc; path = CBManager.m; sourceTree = "<group>"; };
		A36814F11CF788F500CEC6A2 /* SERVICES.h */ = {isa = PBXFileReference; fileEncoding = 4; lastKnownFileType = sourcecode.c.h; path = SERVICES.h; sourceTree = "<group>"; };
		A36814F51CF78C0600CEC6A2 /* CoreBluetooth.framework */ = {isa = PBXFileReference; lastKnownFileType = wrapper.framework; name = CoreBluetooth.framework; path = System/Library/Frameworks/CoreBluetooth.framework; sourceTree = SDKROOT; };
		A36814F71CF78C1300CEC6A2 /* Accelerate.framework */ = {isa = PBXFileReference; lastKnownFileType = wrapper.framework; name = Accelerate.framework; path = System/Library/Frameworks/Accelerate.framework; sourceTree = SDKROOT; };
		A36814F91CF78DFA00CEC6A2 /* MainVC.swift */ = {isa = PBXFileReference; fileEncoding = 4; lastKnownFileType = sourcecode.swift; path = MainVC.swift; sourceTree = "<group>"; };
		A3ACA6FA1D20723B003F040F /* BrainActivitySwiftTests.xctest */ = {isa = PBXFileReference; explicitFileType = wrapper.cfbundle; includeInIndex = 0; path = BrainActivitySwiftTests.xctest; sourceTree = BUILT_PRODUCTS_DIR; };
		A3ACA6FC1D20723B003F040F /* BrainActivitySwiftTests.swift */ = {isa = PBXFileReference; lastKnownFileType = sourcecode.swift; path = BrainActivitySwiftTests.swift; sourceTree = "<group>"; };
		A3ACA6FE1D20723B003F040F /* Info.plist */ = {isa = PBXFileReference; lastKnownFileType = text.plist.xml; path = Info.plist; sourceTree = "<group>"; };
		A3B5202F1D46763F000E762A /* CreateSessionCommand.swift */ = {isa = PBXFileReference; fileEncoding = 4; lastKnownFileType = sourcecode.swift; path = CreateSessionCommand.swift; sourceTree = "<group>"; };
		A3B520331D467C33000E762A /* BaseStatisticsVC.swift */ = {isa = PBXFileReference; fileEncoding = 4; lastKnownFileType = sourcecode.swift; path = BaseStatisticsVC.swift; sourceTree = "<group>"; };
		A3BE74521D6DFF6B00F5B6E5 /* AnimatedSessionView.swift */ = {isa = PBXFileReference; fileEncoding = 4; lastKnownFileType = sourcecode.swift; path = AnimatedSessionView.swift; sourceTree = "<group>"; };
		A3BE74A71D6F38AE00F5B6E5 /* AnimationView.swift */ = {isa = PBXFileReference; fileEncoding = 4; lastKnownFileType = sourcecode.swift; path = AnimationView.swift; sourceTree = "<group>"; };
		A3BE74AB1D743B9800F5B6E5 /* AnimatedSessionView.xib */ = {isa = PBXFileReference; fileEncoding = 4; lastKnownFileType = file.xib; name = AnimatedSessionView.xib; path = BrainActivitySwift/AnimatedSessionView.xib; sourceTree = "<group>"; };
		A3E05A2F1D04A33100ADC6F5 /* SessionCellContainer.swift */ = {isa = PBXFileReference; fileEncoding = 4; lastKnownFileType = sourcecode.swift; name = SessionCellContainer.swift; path = ../SessionCellContainer.swift; sourceTree = "<group>"; };
		A3E05A311D04B8BA00ADC6F5 /* SessionHeaderView.swift */ = {isa = PBXFileReference; fileEncoding = 4; lastKnownFileType = sourcecode.swift; name = SessionHeaderView.swift; path = ../SessionHeaderView.swift; sourceTree = "<group>"; };
		A3EB94721D427C5500C1426A /* RequestBase.swift */ = {isa = PBXFileReference; fileEncoding = 4; lastKnownFileType = sourcecode.swift; path = RequestBase.swift; sourceTree = "<group>"; };
		A3EB94741D427CDB00C1426A /* Context.swift */ = {isa = PBXFileReference; fileEncoding = 4; lastKnownFileType = sourcecode.swift; path = Context.swift; sourceTree = "<group>"; };
		A3EB94771D427D5E00C1426A /* GetSessionsQuery.swift */ = {isa = PBXFileReference; fileEncoding = 4; lastKnownFileType = sourcecode.swift; path = GetSessionsQuery.swift; sourceTree = "<group>"; };
		A3EF5C9A1CFE3057009E296D /* ProfileVC.swift */ = {isa = PBXFileReference; fileEncoding = 4; lastKnownFileType = sourcecode.swift; path = ProfileVC.swift; sourceTree = "<group>"; };
		A3EF5C9C1D008435009E296D /* ActivityVC.swift */ = {isa = PBXFileReference; fileEncoding = 4; lastKnownFileType = sourcecode.swift; path = ActivityVC.swift; sourceTree = "<group>"; };
		A3EF5CA01D009C98009E296D /* MetricsVC.swift */ = {isa = PBXFileReference; fileEncoding = 4; lastKnownFileType = sourcecode.swift; path = MetricsVC.swift; sourceTree = "<group>"; };
		A3F281401D4CEFE800D9AC79 /* StatTableViewCell.swift */ = {isa = PBXFileReference; fileEncoding = 4; lastKnownFileType = sourcecode.swift; path = StatTableViewCell.swift; sourceTree = "<group>"; };
		A3FCB05A1D538BA500F42463 /* SessionHeadCell.swift */ = {isa = PBXFileReference; fileEncoding = 4; lastKnownFileType = sourcecode.swift; path = SessionHeadCell.swift; sourceTree = "<group>"; };
		D7213EE7BF2458481045C60E /* Pods-BrainActivitySwift.release.xcconfig */ = {isa = PBXFileReference; includeInIndex = 1; lastKnownFileType = text.xcconfig; name = "Pods-BrainActivitySwift.release.xcconfig"; path = "Pods/Target Support Files/Pods-BrainActivitySwift/Pods-BrainActivitySwift.release.xcconfig"; sourceTree = "<group>"; };
		FD126690F4EB53F6DE3CE479 /* Pods_BrainActivitySwift.framework */ = {isa = PBXFileReference; explicitFileType = wrapper.framework; includeInIndex = 0; path = Pods_BrainActivitySwift.framework; sourceTree = BUILT_PRODUCTS_DIR; };
/* End PBXFileReference section */

/* Begin PBXFrameworksBuildPhase section */
		A36814D51CF7872E00CEC6A2 /* Frameworks */ = {
			isa = PBXFrameworksBuildPhase;
			buildActionMask = 2147483647;
			files = (
				A36814F81CF78C1300CEC6A2 /* Accelerate.framework in Frameworks */,
				A36814F61CF78C0600CEC6A2 /* CoreBluetooth.framework in Frameworks */,
				AC76D15BECCCBC423DB82727 /* Pods_BrainActivitySwift.framework in Frameworks */,
			);
			runOnlyForDeploymentPostprocessing = 0;
		};
		A3ACA6F71D20723A003F040F /* Frameworks */ = {
			isa = PBXFrameworksBuildPhase;
			buildActionMask = 2147483647;
			files = (
			);
			runOnlyForDeploymentPostprocessing = 0;
		};
/* End PBXFrameworksBuildPhase section */

/* Begin PBXGroup section */
		7302CCAF24E2DB7ADC996BEF /* Pods */ = {
			isa = PBXGroup;
			children = (
				2A447E51F61C61E68D9E21AE /* Pods-BrainActivitySwift.debug.xcconfig */,
				D7213EE7BF2458481045C60E /* Pods-BrainActivitySwift.release.xcconfig */,
			);
			name = Pods;
			sourceTree = "<group>";
		};
		A30B2DB01D19D9970048CBDC /* Plots */ = {
			isa = PBXGroup;
			children = (
				A30B2DA91D19516D0048CBDC /* PlotsVC.swift */,
				A36814F91CF78DFA00CEC6A2 /* MainVC.swift */,
				A30B2DB11D19D9C10048CBDC /* RawVC.swift */,
				A30B2DB31D19D9CD0048CBDC /* SpectrumVC.swift */,
				A30B2DB51D19D9D90048CBDC /* IndicatorsVC.swift */,
			);
			name = Plots;
			sourceTree = "<group>";
		};
		A3166AE31D4A9A46004934EE /* Statistics */ = {
			isa = PBXGroup;
			children = (
				A3B520331D467C33000E762A /* BaseStatisticsVC.swift */,
				A3636BAE1D75EF1300899B9D /* StatisticForCurrentSessionVC.swift */,
				A3F281401D4CEFE800D9AC79 /* StatTableViewCell.swift */,
				A3636BB01D7601A900899B9D /* StatisticForArbitarySessionVC.swift */,
				A3484E8D1D78F19C001A0535 /* PlotStatCell.swift */,
				A354431D1D80851E00308DF7 /* StatisticByPeriodVC.swift */,
			);
			name = Statistics;
			sourceTree = "<group>";
		};
		A31BFC0A1D05E8300025D878 /* HelpersAndExtensions */ = {
			isa = PBXGroup;
			children = (
				A31BFC0B1D05E85B0025D878 /* EZConstraint.swift */,
				A30B2DA71D1946110048CBDC /* Notifications.swift */,
				A328A4591D2315F900921D75 /* StopWatch.swift */,
				A3166AE71D4AA089004934EE /* Colors.swift */,
				A36699D11D561D2600A160E9 /* BinaryFileHelper.swift */,
				A315A8971D5F78C100396767 /* StringExtensions.swift */,
			);
			name = HelpersAndExtensions;
			sourceTree = "<group>";
		};
		A3273B091D00C04F00F1F4A6 /* NewSession */ = {
			isa = PBXGroup;
			children = (
				A3273B051D00B4FD00F1F4A6 /* BaseContentVC.swift */,
				A3EF5C9C1D008435009E296D /* ActivityVC.swift */,
				A3EF5CA01D009C98009E296D /* MetricsVC.swift */,
				A3273B0E1D02039000F1F4A6 /* MoodVC.swift */,
				A3273B0A1D01F43900F1F4A6 /* ActivityCell.swift */,
				A30B2DAE1D19C4890048CBDC /* NewSessionContentVC.swift */,
			);
			name = NewSession;
			sourceTree = "<group>";
		};
		A3273B111D02CFE000F1F4A6 /* CurrentSession */ = {
			isa = PBXGroup;
			children = (
				A3273B121D02D02400F1F4A6 /* CurrentSessionVC.swift */,
				A3273B141D02D2AE00F1F4A6 /* SessionsVC.swift */,
				A3FCB05A1D538BA500F42463 /* SessionHeadCell.swift */,
				A3E05A2F1D04A33100ADC6F5 /* SessionCellContainer.swift */,
				A3E05A311D04B8BA00ADC6F5 /* SessionHeaderView.swift */,
			);
			name = CurrentSession;
			sourceTree = "<group>";
		};
		A36699D61D5B5CF100A160E9 /* ModelsAndEntities */ = {
			isa = PBXGroup;
			children = (
				A36699D71D5B5D2F00A160E9 /* GetSessionsQueryResponse.swift */,
				A315A8951D5D1F4100396767 /* SessionFileEntity.swift */,
				A32A5C2C1D6C6F6A003B304F /* SessionEntity.swift */,
				A32A5C2E1D6C7DE5003B304F /* ActivityEntity.swift */,
				A32A5C301D6C86AC003B304F /* Entity.swift */,
			);
			name = ModelsAndEntities;
			sourceTree = "<group>";
		};
		A36814CF1CF7872E00CEC6A2 = {
			isa = PBXGroup;
			children = (
				A36814DA1CF7872E00CEC6A2 /* BrainActivitySwift */,
				A36814D91CF7872E00CEC6A2 /* Products */,
				A36814F41CF78BE200CEC6A2 /* Frameworks */,
				A3ACA6FB1D20723B003F040F /* BrainActivitySwiftTests */,
				7302CCAF24E2DB7ADC996BEF /* Pods */,
			);
			sourceTree = "<group>";
		};
		A36814D91CF7872E00CEC6A2 /* Products */ = {
			isa = PBXGroup;
			children = (
				A36814D81CF7872E00CEC6A2 /* BrainActivitySwift.app */,
				A3ACA6FA1D20723B003F040F /* BrainActivitySwiftTests.xctest */,
			);
			name = Products;
			sourceTree = "<group>";
		};
		A36814DA1CF7872E00CEC6A2 /* BrainActivitySwift */ = {
			isa = PBXGroup;
			children = (
				A36814EE1CF788F400CEC6A2 /* BrainActivitySwift-Bridging-Header.h */,
				A36814DB1CF7872E00CEC6A2 /* AppDelegate.swift */,
				A36814E21CF7872E00CEC6A2 /* Assets.xcassets */,
				A30B2DAB1D19BD800048CBDC /* Main.storyboard */,
				A36814E41CF7872E00CEC6A2 /* LaunchScreen.storyboard */,
				A36814E71CF7872E00CEC6A2 /* Info.plist */,
				A3EB94761D427D2000C1426A /* CQRS */,
				A36699D61D5B5CF100A160E9 /* ModelsAndEntities */,
				A3EB94711D427C3D00C1426A /* Core */,
				A31BFC0A1D05E8300025D878 /* HelpersAndExtensions */,
				A36814F31CF78A6D00CEC6A2 /* ViewControllers */,
				A3E05A2E1D042DF300ADC6F5 /* UIComponents */,
				A36814ED1CF788CD00CEC6A2 /* CBManager */,
			);
			path = BrainActivitySwift;
			sourceTree = "<group>";
		};
		A36814ED1CF788CD00CEC6A2 /* CBManager */ = {
			isa = PBXGroup;
			children = (
				A36814EF1CF788F500CEC6A2 /* CBManager.h */,
				A36814F01CF788F500CEC6A2 /* CBManager.m */,
				A36814F11CF788F500CEC6A2 /* SERVICES.h */,
			);
			name = CBManager;
			sourceTree = "<group>";
		};
		A36814F31CF78A6D00CEC6A2 /* ViewControllers */ = {
			isa = PBXGroup;
			children = (
				A3166AE31D4A9A46004934EE /* Statistics */,
				A3273B111D02CFE000F1F4A6 /* CurrentSession */,
				A3273B091D00C04F00F1F4A6 /* NewSession */,
				A30B2DB01D19D9970048CBDC /* Plots */,
				A3EF5C9A1CFE3057009E296D /* ProfileVC.swift */,
				A3273B071D00BF3300F1F4A6 /* TabBarController.swift */,
			);
			name = ViewControllers;
			sourceTree = "<group>";
		};
		A36814F41CF78BE200CEC6A2 /* Frameworks */ = {
			isa = PBXGroup;
			children = (
				A36814F71CF78C1300CEC6A2 /* Accelerate.framework */,
				A36814F51CF78C0600CEC6A2 /* CoreBluetooth.framework */,
				FD126690F4EB53F6DE3CE479 /* Pods_BrainActivitySwift.framework */,
			);
			name = Frameworks;
			sourceTree = "<group>";
		};
		A3ACA6FB1D20723B003F040F /* BrainActivitySwiftTests */ = {
			isa = PBXGroup;
			children = (
				A3ACA6FC1D20723B003F040F /* BrainActivitySwiftTests.swift */,
				A3ACA6FE1D20723B003F040F /* Info.plist */,
				A328A4571D21DDE500921D75 /* SpectrumVCPerfomanceTest.swift */,
			);
			path = BrainActivitySwiftTests;
			sourceTree = "<group>";
		};
		A3B520311D46765E000E762A /* Query */ = {
			isa = PBXGroup;
			children = (
				A3EB94771D427D5E00C1426A /* GetSessionsQuery.swift */,
			);
			name = Query;
			sourceTree = "<group>";
		};
		A3B520321D467666000E762A /* Command */ = {
			isa = PBXGroup;
			children = (
				A3B5202F1D46763F000E762A /* CreateSessionCommand.swift */,
				A338E3871D919CDA00DB892B /* StopSessionCommand.swift */,
			);
			name = Command;
			sourceTree = "<group>";
		};
		A3E05A2E1D042DF300ADC6F5 /* UIComponents */ = {
			isa = PBXGroup;
			children = (
				A3150FA41D4530A50023DD9F /* BatteryBarVC.swift */,
				A3BE74AB1D743B9800F5B6E5 /* AnimatedSessionView.xib */,
				A3BE74521D6DFF6B00F5B6E5 /* AnimatedSessionView.swift */,
				A3BE74A71D6F38AE00F5B6E5 /* AnimationView.swift */,
			);
			name = UIComponents;
			path = ..;
			sourceTree = "<group>";
		};
		A3EB94711D427C3D00C1426A /* Core */ = {
			isa = PBXGroup;
			children = (
				A3EB94721D427C5500C1426A /* RequestBase.swift */,
				A3EB94741D427CDB00C1426A /* Context.swift */,
				A338E3891D919DB700DB892B /* CommandBase.swift */,
			);
			name = Core;
			sourceTree = "<group>";
		};
		A3EB94761D427D2000C1426A /* CQRS */ = {
			isa = PBXGroup;
			children = (
				A3B520321D467666000E762A /* Command */,
				A3B520311D46765E000E762A /* Query */,
			);
			name = CQRS;
			path = ..;
			sourceTree = "<group>";
		};
/* End PBXGroup section */

/* Begin PBXNativeTarget section */
		A36814D71CF7872E00CEC6A2 /* BrainActivitySwift */ = {
			isa = PBXNativeTarget;
			buildConfigurationList = A36814EA1CF7872E00CEC6A2 /* Build configuration list for PBXNativeTarget "BrainActivitySwift" */;
			buildPhases = (
				DA26BFEB6FE05652615E9763 /* [CP] Check Pods Manifest.lock */,
				A36814D41CF7872E00CEC6A2 /* Sources */,
				A36814D51CF7872E00CEC6A2 /* Frameworks */,
				A36814D61CF7872E00CEC6A2 /* Resources */,
				A3F592A21D819FC600329237 /* ShellScript */,
				8644256EDCF0160E66CE408C /* [CP] Embed Pods Frameworks */,
				DDFECEBB40A4BD57261337DB /* [CP] Copy Pods Resources */,
			);
			buildRules = (
			);
			dependencies = (
			);
			name = BrainActivitySwift;
			productName = BrainActivitySwift;
			productReference = A36814D81CF7872E00CEC6A2 /* BrainActivitySwift.app */;
			productType = "com.apple.product-type.application";
		};
		A3ACA6F91D20723A003F040F /* BrainActivitySwiftTests */ = {
			isa = PBXNativeTarget;
			buildConfigurationList = A3ACA7031D20723B003F040F /* Build configuration list for PBXNativeTarget "BrainActivitySwiftTests" */;
			buildPhases = (
				A3ACA6F61D20723A003F040F /* Sources */,
				A3ACA6F71D20723A003F040F /* Frameworks */,
				A3ACA6F81D20723A003F040F /* Resources */,
			);
			buildRules = (
			);
			dependencies = (
				A3ACA7001D20723B003F040F /* PBXTargetDependency */,
			);
			name = BrainActivitySwiftTests;
			productName = BrainActivitySwiftTests;
			productReference = A3ACA6FA1D20723B003F040F /* BrainActivitySwiftTests.xctest */;
			productType = "com.apple.product-type.bundle.unit-test";
		};
/* End PBXNativeTarget section */

/* Begin PBXProject section */
		A36814D01CF7872E00CEC6A2 /* Project object */ = {
			isa = PBXProject;
			attributes = {
				LastSwiftUpdateCheck = 0730;
				LastUpgradeCheck = 0810;
				ORGANIZATIONNAME = "Kirill Polunin";
				TargetAttributes = {
					A36814D71CF7872E00CEC6A2 = {
						CreatedOnToolsVersion = 7.3.1;
						DevelopmentTeam = 6SH94B9B96;
						LastSwiftMigration = 0810;
					};
					A3ACA6F91D20723A003F040F = {
						CreatedOnToolsVersion = 7.3.1;
						DevelopmentTeam = 6SH94B9B96;
						LastSwiftMigration = 0810;
						TestTargetID = A36814D71CF7872E00CEC6A2;
					};
				};
			};
			buildConfigurationList = A36814D31CF7872E00CEC6A2 /* Build configuration list for PBXProject "BrainActivitySwift" */;
			compatibilityVersion = "Xcode 3.2";
			developmentRegion = English;
			hasScannedForEncodings = 0;
			knownRegions = (
				en,
				Base,
			);
			mainGroup = A36814CF1CF7872E00CEC6A2;
			productRefGroup = A36814D91CF7872E00CEC6A2 /* Products */;
			projectDirPath = "";
			projectRoot = "";
			targets = (
				A36814D71CF7872E00CEC6A2 /* BrainActivitySwift */,
				A3ACA6F91D20723A003F040F /* BrainActivitySwiftTests */,
			);
		};
/* End PBXProject section */

/* Begin PBXResourcesBuildPhase section */
		A36814D61CF7872E00CEC6A2 /* Resources */ = {
			isa = PBXResourcesBuildPhase;
			buildActionMask = 2147483647;
			files = (
				A30B2DAD1D19BD800048CBDC /* Main.storyboard in Resources */,
				A36814E61CF7872E00CEC6A2 /* LaunchScreen.storyboard in Resources */,
				A3BE74AC1D743B9800F5B6E5 /* AnimatedSessionView.xib in Resources */,
				A36814E31CF7872E00CEC6A2 /* Assets.xcassets in Resources */,
			);
			runOnlyForDeploymentPostprocessing = 0;
		};
		A3ACA6F81D20723A003F040F /* Resources */ = {
			isa = PBXResourcesBuildPhase;
			buildActionMask = 2147483647;
			files = (
			);
			runOnlyForDeploymentPostprocessing = 0;
		};
/* End PBXResourcesBuildPhase section */

/* Begin PBXShellScriptBuildPhase section */
		8644256EDCF0160E66CE408C /* [CP] Embed Pods Frameworks */ = {
			isa = PBXShellScriptBuildPhase;
			buildActionMask = 2147483647;
			files = (
			);
			inputPaths = (
			);
			name = "[CP] Embed Pods Frameworks";
			outputPaths = (
			);
			runOnlyForDeploymentPostprocessing = 0;
			shellPath = /bin/sh;
			shellScript = "\"${SRCROOT}/Pods/Target Support Files/Pods-BrainActivitySwift/Pods-BrainActivitySwift-frameworks.sh\"\n";
			showEnvVarsInLog = 0;
		};
		A3F592A21D819FC600329237 /* ShellScript */ = {
			isa = PBXShellScriptBuildPhase;
			buildActionMask = 2147483647;
			files = (
			);
			inputPaths = (
			);
			outputPaths = (
			);
			runOnlyForDeploymentPostprocessing = 0;
			shellPath = /bin/sh;
			shellScript = "\"${PODS_ROOT}/Fabric/run\" 044c36da6af7e984357d9cd7f0d73c8b859704e7 6e5a77ff0131269c705ddbfe16c1348aee93304fd7b6128f81b59a1adf3f6e57\n";
		};
		DA26BFEB6FE05652615E9763 /* [CP] Check Pods Manifest.lock */ = {
			isa = PBXShellScriptBuildPhase;
			buildActionMask = 2147483647;
			files = (
			);
			inputPaths = (
			);
			name = "[CP] Check Pods Manifest.lock";
			outputPaths = (
			);
			runOnlyForDeploymentPostprocessing = 0;
			shellPath = /bin/sh;
			shellScript = "diff \"${PODS_ROOT}/../Podfile.lock\" \"${PODS_ROOT}/Manifest.lock\" > /dev/null\nif [ $? != 0 ] ; then\n    # print error to STDERR\n    echo \"error: The sandbox is not in sync with the Podfile.lock. Run 'pod install' or update your CocoaPods installation.\" >&2\n    exit 1\nfi\n";
			showEnvVarsInLog = 0;
		};
		DDFECEBB40A4BD57261337DB /* [CP] Copy Pods Resources */ = {
			isa = PBXShellScriptBuildPhase;
			buildActionMask = 2147483647;
			files = (
			);
			inputPaths = (
			);
			name = "[CP] Copy Pods Resources";
			outputPaths = (
			);
			runOnlyForDeploymentPostprocessing = 0;
			shellPath = /bin/sh;
			shellScript = "\"${SRCROOT}/Pods/Target Support Files/Pods-BrainActivitySwift/Pods-BrainActivitySwift-resources.sh\"\n";
			showEnvVarsInLog = 0;
		};
/* End PBXShellScriptBuildPhase section */

/* Begin PBXSourcesBuildPhase section */
		A36814D41CF7872E00CEC6A2 /* Sources */ = {
			isa = PBXSourcesBuildPhase;
			buildActionMask = 2147483647;
			files = (
				A3150FA51D4530A50023DD9F /* BatteryBarVC.swift in Sources */,
				A3BE74A81D6F38AE00F5B6E5 /* AnimationView.swift in Sources */,
				A3636BB11D7601A900899B9D /* StatisticForArbitarySessionVC.swift in Sources */,
				A3EF5C9B1CFE3057009E296D /* ProfileVC.swift in Sources */,
				A3FCB05B1D538BA500F42463 /* SessionHeadCell.swift in Sources */,
				A3273B131D02D02400F1F4A6 /* CurrentSessionVC.swift in Sources */,
				A36814F21CF788F500CEC6A2 /* CBManager.m in Sources */,
				A31BFC0C1D05E85B0025D878 /* EZConstraint.swift in Sources */,
				A338E38A1D919DB700DB892B /* CommandBase.swift in Sources */,
				A3273B0B1D01F43900F1F4A6 /* ActivityCell.swift in Sources */,
				A354431E1D80851E00308DF7 /* StatisticByPeriodVC.swift in Sources */,
				A3484E8E1D78F19C001A0535 /* PlotStatCell.swift in Sources */,
				A3EF5CA11D009C98009E296D /* MetricsVC.swift in Sources */,
				A32A5C2D1D6C6F6A003B304F /* SessionEntity.swift in Sources */,
				A328A45A1D2315F900921D75 /* StopWatch.swift in Sources */,
				A3273B081D00BF3300F1F4A6 /* TabBarController.swift in Sources */,
				A3273B061D00B4FD00F1F4A6 /* BaseContentVC.swift in Sources */,
				A3BE74531D6DFF6B00F5B6E5 /* AnimatedSessionView.swift in Sources */,
				A30B2DB61D19D9D90048CBDC /* IndicatorsVC.swift in Sources */,
				A3EB94731D427C5500C1426A /* RequestBase.swift in Sources */,
				A36814FA1CF78DFA00CEC6A2 /* MainVC.swift in Sources */,
				A30B2DB21D19D9C10048CBDC /* RawVC.swift in Sources */,
				A32A5C311D6C86AC003B304F /* Entity.swift in Sources */,
				A3E05A321D04B8BA00ADC6F5 /* SessionHeaderView.swift in Sources */,
				A30B2DA81D1946110048CBDC /* Notifications.swift in Sources */,
				A315A8981D5F78C100396767 /* StringExtensions.swift in Sources */,
				A32A5C2F1D6C7DE5003B304F /* ActivityEntity.swift in Sources */,
				A36699D81D5B5D2F00A160E9 /* GetSessionsQueryResponse.swift in Sources */,
				A315A8961D5D1F4100396767 /* SessionFileEntity.swift in Sources */,
				A30B2DB41D19D9CD0048CBDC /* SpectrumVC.swift in Sources */,
				A3F281411D4CEFE800D9AC79 /* StatTableViewCell.swift in Sources */,
				A338E3881D919CDA00DB892B /* StopSessionCommand.swift in Sources */,
				A3E05A301D04A33100ADC6F5 /* SessionCellContainer.swift in Sources */,
				A3273B151D02D2AE00F1F4A6 /* SessionsVC.swift in Sources */,
				A3636BAF1D75EF1300899B9D /* StatisticForCurrentSessionVC.swift in Sources */,
				A3EF5C9D1D008435009E296D /* ActivityVC.swift in Sources */,
				A36699D21D561D2600A160E9 /* BinaryFileHelper.swift in Sources */,
				A3166AE81D4AA089004934EE /* Colors.swift in Sources */,
				A30B2DAA1D19516D0048CBDC /* PlotsVC.swift in Sources */,
				A30B2DAF1D19C4890048CBDC /* NewSessionContentVC.swift in Sources */,
				A3EB94751D427CDB00C1426A /* Context.swift in Sources */,
				A3EB94781D427D5E00C1426A /* GetSessionsQuery.swift in Sources */,
				A3B520301D46763F000E762A /* CreateSessionCommand.swift in Sources */,
				A3B520341D467C33000E762A /* BaseStatisticsVC.swift in Sources */,
				A36814DC1CF7872E00CEC6A2 /* AppDelegate.swift in Sources */,
				A3273B0F1D02039000F1F4A6 /* MoodVC.swift in Sources */,
			);
			runOnlyForDeploymentPostprocessing = 0;
		};
		A3ACA6F61D20723A003F040F /* Sources */ = {
			isa = PBXSourcesBuildPhase;
			buildActionMask = 2147483647;
			files = (
				A3ACA6FD1D20723B003F040F /* BrainActivitySwiftTests.swift in Sources */,
				A328A4581D21DDE500921D75 /* SpectrumVCPerfomanceTest.swift in Sources */,
			);
			runOnlyForDeploymentPostprocessing = 0;
		};
/* End PBXSourcesBuildPhase section */

/* Begin PBXTargetDependency section */
		A3ACA7001D20723B003F040F /* PBXTargetDependency */ = {
			isa = PBXTargetDependency;
			target = A36814D71CF7872E00CEC6A2 /* BrainActivitySwift */;
			targetProxy = A3ACA6FF1D20723B003F040F /* PBXContainerItemProxy */;
		};
/* End PBXTargetDependency section */

/* Begin PBXVariantGroup section */
		A30B2DAB1D19BD800048CBDC /* Main.storyboard */ = {
			isa = PBXVariantGroup;
			children = (
				A30B2DAC1D19BD800048CBDC /* Base */,
			);
			name = Main.storyboard;
			sourceTree = "<group>";
		};
		A36814E41CF7872E00CEC6A2 /* LaunchScreen.storyboard */ = {
			isa = PBXVariantGroup;
			children = (
				A36814E51CF7872E00CEC6A2 /* Base */,
			);
			name = LaunchScreen.storyboard;
			sourceTree = "<group>";
		};
/* End PBXVariantGroup section */

/* Begin XCBuildConfiguration section */
		A36814E81CF7872E00CEC6A2 /* Debug */ = {
			isa = XCBuildConfiguration;
			buildSettings = {
				ALWAYS_SEARCH_USER_PATHS = NO;
				CLANG_ANALYZER_NONNULL = YES;
				CLANG_CXX_LANGUAGE_STANDARD = "gnu++0x";
				CLANG_CXX_LIBRARY = "libc++";
				CLANG_ENABLE_MODULES = YES;
				CLANG_ENABLE_OBJC_ARC = YES;
				CLANG_WARN_BOOL_CONVERSION = YES;
				CLANG_WARN_CONSTANT_CONVERSION = YES;
				CLANG_WARN_DIRECT_OBJC_ISA_USAGE = YES_ERROR;
				CLANG_WARN_EMPTY_BODY = YES;
				CLANG_WARN_ENUM_CONVERSION = YES;
				CLANG_WARN_INFINITE_RECURSION = YES;
				CLANG_WARN_INT_CONVERSION = YES;
				CLANG_WARN_OBJC_ROOT_CLASS = YES_ERROR;
				CLANG_WARN_SUSPICIOUS_MOVE = YES;
				CLANG_WARN_UNREACHABLE_CODE = YES;
				CLANG_WARN__DUPLICATE_METHOD_MATCH = YES;
				"CODE_SIGN_IDENTITY[sdk=iphoneos*]" = "iPhone Developer";
				COPY_PHASE_STRIP = NO;
				DEBUG_INFORMATION_FORMAT = dwarf;
				ENABLE_STRICT_OBJC_MSGSEND = YES;
				ENABLE_TESTABILITY = YES;
				GCC_C_LANGUAGE_STANDARD = gnu99;
				GCC_DYNAMIC_NO_PIC = NO;
				GCC_NO_COMMON_BLOCKS = YES;
				GCC_OPTIMIZATION_LEVEL = 0;
				GCC_PREPROCESSOR_DEFINITIONS = (
					"DEBUG=1",
					"$(inherited)",
				);
				GCC_WARN_64_TO_32_BIT_CONVERSION = YES;
				GCC_WARN_ABOUT_RETURN_TYPE = YES_ERROR;
				GCC_WARN_UNDECLARED_SELECTOR = YES;
				GCC_WARN_UNINITIALIZED_AUTOS = YES_AGGRESSIVE;
				GCC_WARN_UNUSED_FUNCTION = YES;
				GCC_WARN_UNUSED_VARIABLE = YES;
				IPHONEOS_DEPLOYMENT_TARGET = 9.3;
				MTL_ENABLE_DEBUG_INFO = YES;
				ONLY_ACTIVE_ARCH = YES;
				PROVISIONING_PROFILE = "";
				SDKROOT = iphoneos;
				SWIFT_OPTIMIZATION_LEVEL = "-Onone";
			};
			name = Debug;
		};
		A36814E91CF7872E00CEC6A2 /* Release */ = {
			isa = XCBuildConfiguration;
			buildSettings = {
				ALWAYS_SEARCH_USER_PATHS = NO;
				CLANG_ANALYZER_NONNULL = YES;
				CLANG_CXX_LANGUAGE_STANDARD = "gnu++0x";
				CLANG_CXX_LIBRARY = "libc++";
				CLANG_ENABLE_MODULES = YES;
				CLANG_ENABLE_OBJC_ARC = YES;
				CLANG_WARN_BOOL_CONVERSION = YES;
				CLANG_WARN_CONSTANT_CONVERSION = YES;
				CLANG_WARN_DIRECT_OBJC_ISA_USAGE = YES_ERROR;
				CLANG_WARN_EMPTY_BODY = YES;
				CLANG_WARN_ENUM_CONVERSION = YES;
				CLANG_WARN_INFINITE_RECURSION = YES;
				CLANG_WARN_INT_CONVERSION = YES;
				CLANG_WARN_OBJC_ROOT_CLASS = YES_ERROR;
				CLANG_WARN_SUSPICIOUS_MOVE = YES;
				CLANG_WARN_UNREACHABLE_CODE = YES;
				CLANG_WARN__DUPLICATE_METHOD_MATCH = YES;
				"CODE_SIGN_IDENTITY[sdk=iphoneos*]" = "iPhone Developer";
				COPY_PHASE_STRIP = NO;
				DEBUG_INFORMATION_FORMAT = "dwarf-with-dsym";
				ENABLE_NS_ASSERTIONS = NO;
				ENABLE_STRICT_OBJC_MSGSEND = YES;
				GCC_C_LANGUAGE_STANDARD = gnu99;
				GCC_NO_COMMON_BLOCKS = YES;
				GCC_WARN_64_TO_32_BIT_CONVERSION = YES;
				GCC_WARN_ABOUT_RETURN_TYPE = YES_ERROR;
				GCC_WARN_UNDECLARED_SELECTOR = YES;
				GCC_WARN_UNINITIALIZED_AUTOS = YES_AGGRESSIVE;
				GCC_WARN_UNUSED_FUNCTION = YES;
				GCC_WARN_UNUSED_VARIABLE = YES;
				IPHONEOS_DEPLOYMENT_TARGET = 9.3;
				MTL_ENABLE_DEBUG_INFO = NO;
				PROVISIONING_PROFILE = "";
				SDKROOT = iphoneos;
				SWIFT_OPTIMIZATION_LEVEL = "-Owholemodule";
				VALIDATE_PRODUCT = YES;
			};
			name = Release;
		};
		A36814EB1CF7872E00CEC6A2 /* Debug */ = {
			isa = XCBuildConfiguration;
			baseConfigurationReference = 2A447E51F61C61E68D9E21AE /* Pods-BrainActivitySwift.debug.xcconfig */;
			buildSettings = {
				ALWAYS_EMBED_SWIFT_STANDARD_LIBRARIES = YES;
				ASSETCATALOG_COMPILER_APPICON_NAME = AppIcon;
				CLANG_ENABLE_MODULES = YES;
				CODE_SIGN_IDENTITY = "iPhone Developer";
				"CODE_SIGN_IDENTITY[sdk=iphoneos*]" = "iPhone Developer";
				DEFINES_MODULE = YES;
				INFOPLIST_FILE = BrainActivitySwift/Info.plist;
				LD_RUNPATH_SEARCH_PATHS = "$(inherited) @executable_path/Frameworks";
				PRODUCT_BUNDLE_IDENTIFIER = imbamrgrey;
				PRODUCT_NAME = "$(TARGET_NAME)";
				PROVISIONING_PROFILE = "";
				SWIFT_OBJC_BRIDGING_HEADER = "BrainActivitySwift/BrainActivitySwift-Bridging-Header.h";
				SWIFT_OPTIMIZATION_LEVEL = "-Onone";
				SWIFT_VERSION = 2.3;
				TARGETED_DEVICE_FAMILY = 1;
			};
			name = Debug;
		};
		A36814EC1CF7872E00CEC6A2 /* Release */ = {
			isa = XCBuildConfiguration;
			baseConfigurationReference = D7213EE7BF2458481045C60E /* Pods-BrainActivitySwift.release.xcconfig */;
			buildSettings = {
				ALWAYS_EMBED_SWIFT_STANDARD_LIBRARIES = YES;
				ASSETCATALOG_COMPILER_APPICON_NAME = AppIcon;
				CLANG_ENABLE_MODULES = YES;
				CODE_SIGN_IDENTITY = "iPhone Developer";
				"CODE_SIGN_IDENTITY[sdk=iphoneos*]" = "iPhone Developer";
				DEFINES_MODULE = YES;
				INFOPLIST_FILE = BrainActivitySwift/Info.plist;
				LD_RUNPATH_SEARCH_PATHS = "$(inherited) @executable_path/Frameworks";
				PRODUCT_BUNDLE_IDENTIFIER = imbamrgrey;
				PRODUCT_NAME = "$(TARGET_NAME)";
				PROVISIONING_PROFILE = "";
				SWIFT_OBJC_BRIDGING_HEADER = "BrainActivitySwift/BrainActivitySwift-Bridging-Header.h";
				SWIFT_VERSION = 2.3;
				TARGETED_DEVICE_FAMILY = 1;
			};
			name = Release;
		};
		A3ACA7011D20723B003F040F /* Debug */ = {
			isa = XCBuildConfiguration;
			buildSettings = {
				BUNDLE_LOADER = "$(TEST_HOST)";
				INFOPLIST_FILE = BrainActivitySwiftTests/Info.plist;
				LD_RUNPATH_SEARCH_PATHS = "$(inherited) @executable_path/Frameworks @loader_path/Frameworks";
				PRODUCT_BUNDLE_IDENTIFIER = IncSoft.BrainActivitySwiftTests;
				PRODUCT_NAME = "$(TARGET_NAME)";
				SWIFT_VERSION = 2.3;
				TEST_HOST = "$(BUILT_PRODUCTS_DIR)/BrainActivitySwift.app/BrainActivitySwift";
			};
			name = Debug;
		};
		A3ACA7021D20723B003F040F /* Release */ = {
			isa = XCBuildConfiguration;
			buildSettings = {
				BUNDLE_LOADER = "$(TEST_HOST)";
				INFOPLIST_FILE = BrainActivitySwiftTests/Info.plist;
				LD_RUNPATH_SEARCH_PATHS = "$(inherited) @executable_path/Frameworks @loader_path/Frameworks";
				PRODUCT_BUNDLE_IDENTIFIER = IncSoft.BrainActivitySwiftTests;
				PRODUCT_NAME = "$(TARGET_NAME)";
				SWIFT_VERSION = 2.3;
				TEST_HOST = "$(BUILT_PRODUCTS_DIR)/BrainActivitySwift.app/BrainActivitySwift";
			};
			name = Release;
		};
/* End XCBuildConfiguration section */

/* Begin XCConfigurationList section */
		A36814D31CF7872E00CEC6A2 /* Build configuration list for PBXProject "BrainActivitySwift" */ = {
			isa = XCConfigurationList;
			buildConfigurations = (
				A36814E81CF7872E00CEC6A2 /* Debug */,
				A36814E91CF7872E00CEC6A2 /* Release */,
			);
			defaultConfigurationIsVisible = 0;
			defaultConfigurationName = Release;
		};
		A36814EA1CF7872E00CEC6A2 /* Build configuration list for PBXNativeTarget "BrainActivitySwift" */ = {
			isa = XCConfigurationList;
			buildConfigurations = (
				A36814EB1CF7872E00CEC6A2 /* Debug */,
				A36814EC1CF7872E00CEC6A2 /* Release */,
			);
			defaultConfigurationIsVisible = 0;
			defaultConfigurationName = Release;
		};
		A3ACA7031D20723B003F040F /* Build configuration list for PBXNativeTarget "BrainActivitySwiftTests" */ = {
			isa = XCConfigurationList;
			buildConfigurations = (
				A3ACA7011D20723B003F040F /* Debug */,
				A3ACA7021D20723B003F040F /* Release */,
			);
			defaultConfigurationIsVisible = 0;
			defaultConfigurationName = Release;
		};
/* End XCConfigurationList section */
	};
	rootObject = A36814D01CF7872E00CEC6A2 /* Project object */;
}
